
Microsoft Visual Studio Solution File, Format Version 12.00
# Visual Studio Version 17
VisualStudioVersion = 17.8.34205.153
MinimumVisualStudioVersion = 10.0.40219.1
Project("{FAE04EC0-301F-11D3-BF4B-00C04F79EFBC}") = "Kursovaya_2", "Kursovaya_2\Kursovaya_2.csproj", "{8275F859-D8AD-4309-B44C-2A8B4B9C63DF}"
EndProject
Global
	GlobalSection(SolutionConfigurationPlatforms) = preSolution
		Debug|Any CPU = Debug|Any CPU
		Release|Any CPU = Release|Any CPU
	EndGlobalSection
	GlobalSection(ProjectConfigurationPlatforms) = postSolution
		{8275F859-D8AD-4309-B44C-2A8B4B9C63DF}.Debug|Any CPU.ActiveCfg = Debug|Any CPU
		{8275F859-D8AD-4309-B44C-2A8B4B9C63DF}.Debug|Any CPU.Build.0 = Debug|Any CPU
		{8275F859-D8AD-4309-B44C-2A8B4B9C63DF}.Release|Any CPU.ActiveCfg = Release|Any CPU
		{8275F859-D8AD-4309-B44C-2A8B4B9C63DF}.Release|Any CPU.Build.0 = Release|Any CPU
	EndGlobalSection
	GlobalSection(SolutionProperties) = preSolution
		HideSolutionNode = FALSE
	EndGlobalSection
	GlobalSection(ExtensibilityGlobals) = postSolution
		SolutionGuid = {B6CAB6DA-2BA3-483B-BE71-DB302F601F2C}
	EndGlobalSection
EndGlobal
